PODS:
  - Alamofire (3.2.1)
  - Bolts (1.7.0):
    - Bolts/AppLinks (= 1.7.0)
    - Bolts/Tasks (= 1.7.0)
  - Bolts/AppLinks (1.7.0):
    - Bolts/Tasks
  - Bolts/Tasks (1.7.0)
  - CryptoSwift (0.4.1)
  - FBSDKCoreKit (4.11.0):
    - Bolts (~> 1.7)
  - FBSDKLoginKit (4.11.0):
    - FBSDKCoreKit
  - Hex (3.0.0)
  - JSONWebToken (1.5.0):
    - CryptoSwift (~> 0.4.0)
  - PureLayout (3.0.1)
  - SDWebImage (3.7.5):
    - SDWebImage/Core (= 3.7.5)
  - SDWebImage/Core (3.7.5)
  - SwiftyJSON (2.3.2)
  - UIScrollView-InfiniteScroll (0.7.3)

DEPENDENCIES:
  - Alamofire (= 3.2.1)
  - FBSDKLoginKit (= 4.11.0)
  - Hex (= 3.0.0)
  - JSONWebToken (= 1.5.0)
  - PureLayout (= 3.0.1)
  - SDWebImage (= 3.7.5)
  - SwiftyJSON (= 2.3.2)
  - UIScrollView-InfiniteScroll (= 0.7.3)

SPEC CHECKSUMS:
  Alamofire: f11d8624a05f5d39e0c99309b3e600a3ba64298a
  Bolts: a0058fa3b331c5a1e4402d534f2dae36dbff31e4
  CryptoSwift: 25b5aff3f260967391f8fff2e9abe4254d2c6fd5
  FBSDKCoreKit: 686ac982723a14ec9ddb85e2f81235d7706c891b
  FBSDKLoginKit: bade9fc78277764149ccc5bfaadbf13c83175c6a
  Hex: ee430da9c4412d9196366ae5327f279021dc03eb
  JSONWebToken: 6c8968ace6b60b2e6156a7bbe5019fd9b5ff9b5a
  PureLayout: f35f5384c9c4e4479df041dbe33ad7577b71ddfb
  SDWebImage: 69c6303e3348fba97e03f65d65d4fbc26740f461
  SwiftyJSON: 04ccea08915aa0109039157c7974cf0298da292a
  UIScrollView-InfiniteScroll: b6c7d6d155dca7f9c5dd43813ecffeb301b3d50c

COCOAPODS: 0.39.0
